Microsoft Visual Studio Solution File, Format Version 12.00
# Visual Studio Version 16
VisualStudioVersion = 16.0.30104.148
MinimumVisualStudioVersion = 10.0.40219.1
Project("{FAE04EC0-301F-11D3-BF4B-00C04F79EFBC}") = "PTTester", "PTTester.csproj", "{3B517BA6-FCBE-40FC-BE9C-6A0BB556ED53}"
EndProject
Global
	GlobalSection(SolutionConfigurationPlatforms) = preSolution
		Debug|Any CPU = Debug|Any CPU
		Release|Any CPU = Release|Any CPU
	EndGlobalSection
	GlobalSection(ProjectConfigurationPlatforms) = postSolution
		{3B517BA6-FCBE-40FC-BE9C-6A0BB556ED53}.Debug|Any CPU.ActiveCfg = Debug|Any CPU
		{3B517BA6-FCBE-40FC-BE9C-6A0BB556ED53}.Debug|Any CPU.Build.0 = Debug|Any CPU
		{3B517BA6-FCBE-40FC-BE9C-6A0BB556ED53}.Release|Any CPU.ActiveCfg = Release|Any CPU
		{3B517BA6-FCBE-40FC-BE9C-6A0BB556ED53}.Release|Any CPU.Build.0 = Release|Any CPU
	EndGlobalSection
	GlobalSection(SolutionProperties) = preSolution
		HideSolutionNode = FALSE
	EndGlobalSection
	GlobalSection(ExtensibilityGlobals) = postSolution
		SolutionGuid = {47814973-4EF2-4889-8FAD-95F6D04C5390}
	EndGlobalSection
EndGlobal
